
Microsoft Visual Studio Solution File, Format Version 12.00
# Visual Studio 15
VisualStudioVersion = 15.0.27703.2035
MinimumVisualStudioVersion = 10.0.40219.1
Project("{FAE04EC0-301F-11D3-BF4B-00C04F79EFBC}") = "WebApiCustomSerialization", "WebApiCustomSerialization\WebApiCustomSerialization.csproj", "{E4B9722F-DE54-4E8D-B93E-89D276C74895}"
EndProject
Global
	GlobalSection(SolutionConfigurationPlatforms) = preSolution
		Debug|Any CPU = Debug|Any CPU
		Release|Any CPU = Release|Any CPU
	EndGlobalSection
	GlobalSection(ProjectConfigurationPlatforms) = postSolution
		{E4B9722F-DE54-4E8D-B93E-89D276C74895}.Debug|Any CPU.ActiveCfg = Debug|Any CPU
		{E4B9722F-DE54-4E8D-B93E-89D276C74895}.Debug|Any CPU.Build.0 = Debug|Any CPU
		{E4B9722F-DE54-4E8D-B93E-89D276C74895}.Release|Any CPU.ActiveCfg = Release|Any CPU
		{E4B9722F-DE54-4E8D-B93E-89D276C74895}.Release|Any CPU.Build.0 = Release|Any CPU
	EndGlobalSection
	GlobalSection(SolutionProperties) = preSolution
		HideSolutionNode = FALSE
	EndGlobalSection
	GlobalSection(ExtensibilityGlobals) = postSolution
		SolutionGuid = {F776E83F-6737-4154-96A9-549B61E69FC2}
	EndGlobalSection
EndGlobal
